// !$*UTF8*$!
{
	archiveVersion = 1;
	classes = {
	};
	objectVersion = 46;
	objects = {

/* Begin PBXBuildFile section */
		91E73EA21A48B06C00EE9078 /* main.m in Sources */ = {isa = PBXBuildFile; fileRef = 91E73EA11A48B06C00EE9078 /* main.m */; };
		91E73EA51A48B06C00EE9078 /* AppDelegate.m in Sources */ = {isa = PBXBuildFile; fileRef = 91E73EA41A48B06C00EE9078 /* AppDelegate.m */; };
		91E73EA81A48B06C00EE9078 /* ViewController.m in Sources */ = {isa = PBXBuildFile; fileRef = 91E73EA71A48B06C00EE9078 /* ViewController.m */; };
		91E73EAB1A48B06C00EE9078 /* Main.storyboard in Resources */ = {isa = PBXBuildFile; fileRef = 91E73EA91A48B06C00EE9078 /* Main.storyboard */; };
		91E73EAD1A48B06C00EE9078 /* Images.xcassets in Resources */ = {isa = PBXBuildFile; fileRef = 91E73EAC1A48B06C00EE9078 /* Images.xcassets */; };
		91E73EB01A48B06C00EE9078 /* LaunchScreen.xib in Resources */ = {isa = PBXBuildFile; fileRef = 91E73EAE1A48B06C00EE9078 /* LaunchScreen.xib */; };
		91E73EBC1A48B06C00EE9078 /* ToDoListTests.m in Sources */ = {isa = PBXBuildFile; fileRef = 91E73EBB1A48B06C00EE9078 /* ToDoListTests.m */; };
/* End PBXBuildFile section */

/* Begin PBXContainerItemProxy section */
		91E73EB61A48B06C00EE9078 /* PBXContainerItemProxy */ = {
			isa = PBXContainerItemProxy;
			containerPortal = 91E73E941A48B06C00EE9078 /* Project object */;
			proxyType = 1;
			remoteGlobalIDString = 91E73E9B1A48B06C00EE9078;
			remoteInfo = ToDoList;
		};
/* End PBXContainerItemProxy section */

/* Begin PBXFileReference section */
		91E73E9C1A48B06C00EE9078 /* ToDoList.app */ = {isa = PBXFileReference; explicitFileType = wrapper.application; includeInIndex = 0; path = ToDoList.app; sourceTree = BUILT_PRODUCTS_DIR; };
		91E73EA01A48B06C00EE9078 /* Info.plist */ = {isa = PBXFileReference; lastKnownFileType = text.plist.xml; path = Info.plist; sourceTree = "<group>"; };
		91E73EA11A48B06C00EE9078 /* main.m */ = {isa = PBXFileReference; lastKnownFileType = sourcecode.c.objc; path = main.m; sourceTree = "<group>"; };
		91E73EA31A48B06C00EE9078 /* AppDelegate.h */ = {isa = PBXFileReference; lastKnownFileType = sourcecode.c.h; path = AppDelegate.h; sourceTree = "<group>"; };
		91E73EA41A48B06C00EE9078 /* AppDelegate.m */ = {isa = PBXFileReference; lastKnownFileType = sourcecode.c.objc; path = AppDelegate.m; sourceTree = "<group>"; };
		91E73EA61A48B06C00EE9078 /* ViewController.h */ = {isa = PBXFileReference; lastKnownFileType = sourcecode.c.h; path = ViewController.h; sourceTree = "<group>"; };
		91E73EA71A48B06C00EE9078 /* ViewController.m */ = {isa = PBXFileReference; lastKnownFileType = sourcecode.c.objc; path = ViewController.m; sourceTree = "<group>"; };
		91E73EAA1A48B06C00EE9078 /* Base */ = {isa = PBXFileReference; lastKnownFileType = file.storyboard; name = Base; path = Base.lproj/Main.storyboard; sourceTree = "<group>"; };
		91E73EAC1A48B06C00EE9078 /* Images.xcassets */ = {isa = PBXFileReference; lastKnownFileType = folder.assetcatalog; path = Images.xcassets; sourceTree = "<group>"; };
		91E73EAF1A48B06C00EE9078 /* Base */ = {isa = PBXFileReference; lastKnownFileType = file.xib; name = Base; path = Base.lproj/LaunchScreen.xib; sourceTree = "<group>"; };
		91E73EB51A48B06C00EE9078 /* ToDoListTests.xctest */ = {isa = PBXFileReference; explicitFileType = wrapper.cfbundle; includeInIndex = 0; path = ToDoListTests.xctest; sourceTree = BUILT_PRODUCTS_DIR; };
		91E73EBA1A48B06C00EE9078 /* Info.plist */ = {isa = PBXFileReference; lastKnownFileType = text.plist.xml; path = Info.plist; sourceTree = "<group>"; };
		91E73EBB1A48B06C00EE9078 /* ToDoListTests.m */ = {isa = PBXFileReference; lastKnownFileType = sourcecode.c.objc; path = ToDoListTests.m; sourceTree = "<group>"; };
/* End PBXFileReference section */

/* Begin PBXFrameworksBuildPhase section */
		91E73E991A48B06C00EE9078 /* Frameworks */ = {
			isa = PBXFrameworksBuildPhase;
			buildActionMask = 2147483647;
			files = (
			);
			runOnlyForDeploymentPostprocessing = 0;
		};
		91E73EB21A48B06C00EE9078 /* Frameworks */ = {
			isa = PBXFrameworksBuildPhase;
			buildActionMask = 2147483647;
			files = (
			);
			runOnlyForDeploymentPostprocessing = 0;
		};
/* End PBXFrameworksBuildPhase section */

/* Begin PBXGroup section */
		91E73E931A48B06C00EE9078 = {
			isa = PBXGroup;
			children = (
				91E73E9E1A48B06C00EE9078 /* ToDoList */,
				91E73EB81A48B06C00EE9078 /* ToDoListTests */,
				91E73E9D1A48B06C00EE9078 /* Products */,
			);
			sourceTree = "<group>";
		};
		91E73E9D1A48B06C00EE9078 /* Products */ = {
			isa = PBXGroup;
			children = (
				91E73E9C1A48B06C00EE9078 /* ToDoList.app */,
				91E73EB51A48B06C00EE9078 /* ToDoListTests.xctest */,
			);
			name = Products;
			sourceTree = "<group>";
		};
		91E73E9E1A48B06C00EE9078 /* ToDoList */ = {
			isa = PBXGroup;
			children = (
				91E73EA31A48B06C00EE9078 /* AppDelegate.h */,
				91E73EA41A48B06C00EE9078 /* AppDelegate.m */,
				91E73EA61A48B06C00EE9078 /* ViewController.h */,
				91E73EA71A48B06C00EE9078 /* ViewController.m */,
				91E73EA91A48B06C00EE9078 /* Main.storyboard */,
				91E73EAC1A48B06C00EE9078 /* Images.xcassets */,
				91E73EAE1A48B06C00EE9078 /* LaunchScreen.xib */,
				91E73E9F1A48B06C00EE9078 /* Supporting Files */,
			);
			path = ToDoList;
			sourceTree = "<group>";
		};
		91E73E9F1A48B06C00EE9078 /* Supporting Files */ = {
			isa = PBXGroup;
			children = (
				91E73EA01A48B06C00EE9078 /* Info.plist */,
				91E73EA11A48B06C00EE9078 /* main.m */,
			);
			name = "Supporting Files";
			sourceTree = "<group>";
		};
		91E73EB81A48B06C00EE9078 /* ToDoListTests */ = {
			isa = PBXGroup;
			children = (
				91E73EBB1A48B06C00EE9078 /* ToDoListTests.m */,
				91E73EB91A48B06C00EE9078 /* Supporting Files */,
			);
			path = ToDoListTests;
			sourceTree = "<group>";
		};
		91E73EB91A48B06C00EE9078 /* Supporting Files */ = {
			isa = PBXGroup;
			children = (
				91E73EBA1A48B06C00EE9078 /* Info.plist */,
			);
			name = "Supporting Files";
			sourceTree = "<group>";
		};
/* End PBXGroup section */

/* Begin PBXNativeTarget section */
		91E73E9B1A48B06C00EE9078 /* ToDoList */ = {
			isa = PBXNativeTarget;
			buildConfigurationList = 91E73EBF1A48B06C00EE9078 /* Build configuration list for PBXNativeTarget "ToDoList" */;
			buildPhases = (
				91E73E981A48B06C00EE9078 /* Sources */,
				91E73E991A48B06C00EE9078 /* Frameworks */,
				91E73E9A1A48B06C00EE9078 /* Resources */,
			);
			buildRules = (
			);
			dependencies = (
			);
			name = ToDoList;
			productName = ToDoList;
			productReference = 91E73E9C1A48B06C00EE9078 /* ToDoList.app */;
			productType = "com.apple.product-type.application";
		};
		91E73EB41A48B06C00EE9078 /* ToDoListTests */ = {
			isa = PBXNativeTarget;
			buildConfigurationList = 91E73EC21A48B06C00EE9078 /* Build configuration list for PBXNativeTarget "ToDoListTests" */;
			buildPhases = (
				91E73EB11A48B06C00EE9078 /* Sources */,
				91E73EB21A48B06C00EE9078 /* Frameworks */,
				91E73EB31A48B06C00EE9078 /* Resources */,
			);
			buildRules = (
			);
			dependencies = (
				91E73EB71A48B06C00EE9078 /* PBXTargetDependency */,
			);
			name = ToDoListTests;
			productName = ToDoListTests;
			productReference = 91E73EB51A48B06C00EE9078 /* ToDoListTests.xctest */;
			productType = "com.apple.product-type.bundle.unit-test";
		};
/* End PBXNativeTarget section */

/* Begin PBXProject section */
		91E73E941A48B06C00EE9078 /* Project object */ = {
			isa = PBXProject;
			attributes = {
				LastUpgradeCheck = 0610;
				ORGANIZATIONNAME = "Tom Cheng";
				TargetAttributes = {
					91E73E9B1A48B06C00EE9078 = {
						CreatedOnToolsVersion = 6.1.1;
					};
					91E73EB41A48B06C00EE9078 = {
						CreatedOnToolsVersion = 6.1.1;
						TestTargetID = 91E73E9B1A48B06C00EE9078;
					};
				};
			};
			buildConfigurationList = 91E73E971A48B06C00EE9078 /* Build configuration list for PBXProject "ToDoList" */;
			compatibilityVersion = "Xcode 3.2";
			developmentRegion = English;
			hasScannedForEncodings = 0;
			knownRegions = (
				en,
				Base,
			);
			mainGroup = 91E73E931A48B06C00EE9078;
			productRefGroup = 91E73E9D1A48B06C00EE9078 /* Products */;
			projectDirPath = "";
			projectRoot = "";
			targets = (
				91E73E9B1A48B06C00EE9078 /* ToDoList */,
				91E73EB41A48B06C00EE9078 /* ToDoListTests */,
			);
		};
/* End PBXProject section */

/* Begin PBXResourcesBuildPhase section */
		91E73E9A1A48B06C00EE9078 /* Resources */ = {
			isa = PBXResourcesBuildPhase;
			buildActionMask = 2147483647;
			files = (
				91E73EAB1A48B06C00EE9078 /* Main.storyboard in Resources */,
				91E73EB01A48B06C00EE9078 /* LaunchScreen.xib in Resources */,
				91E73EAD1A48B06C00EE9078 /* Images.xcassets in Resources */,
			);
			runOnlyForDeploymentPostprocessing = 0;
		};
		91E73EB31A48B06C00EE9078 /* Resources */ = {
			isa = PBXResourcesBuildPhase;
			buildActionMask = 2147483647;
			files = (
			);
			runOnlyForDeploymentPostprocessing = 0;
		};
/* End PBXResourcesBuildPhase section */

/* Begin PBXSourcesBuildPhase section */
		91E73E981A48B06C00EE9078 /* Sources */ = {
			isa = PBXSourcesBuildPhase;
			buildActionMask = 2147483647;
			files = (
				91E73EA81A48B06C00EE9078 /* ViewController.m in Sources */,
				91E73EA51A48B06C00EE9078 /* AppDelegate.m in Sources */,
				91E73EA21A48B06C00EE9078 /* main.m in Sources */,
			);
			runOnlyForDeploymentPostprocessing = 0;
		};
		91E73EB11A48B06C00EE9078 /* Sources */ = {
			isa = PBXSourcesBuildPhase;
			buildActionMask = 2147483647;
			files = (
				91E73EBC1A48B06C00EE9078 /* ToDoListTests.m in Sources */,
			);
			runOnlyForDeploymentPostprocessing = 0;
		};
/* End PBXSourcesBuildPhase section */

/* Begin PBXTargetDependency section */
		91E73EB71A48B06C00EE9078 /* PBXTargetDependency */ = {
			isa = PBXTargetDependency;
			target = 91E73E9B1A48B06C00EE9078 /* ToDoList */;
			targetProxy = 91E73EB61A48B06C00EE9078 /* PBXContainerItemProxy */;
		};
/* End PBXTargetDependency section */

/* Begin PBXVariantGroup section */
		91E73EA91A48B06C00EE9078 /* Main.storyboard */ = {
			isa = PBXVariantGroup;
			children = (
				91E73EAA1A48B06C00EE9078 /* Base */,
			);
			name = Main.storyboard;
			sourceTree = "<group>";
		};
		91E73EAE1A48B06C00EE9078 /* LaunchScreen.xib */ = {
			isa = PBXVariantGroup;
			children = (
				91E73EAF1A48B06C00EE9078 /* Base */,
			);
			name = LaunchScreen.xib;
			sourceTree = "<group>";
		};
/* End PBXVariantGroup section */

/* Begin XCBuildConfiguration section */
		91E73EBD1A48B06C00EE9078 /* Debug */ = {
			isa = XCBuildConfiguration;
			buildSettings = {
				ALWAYS_SEARCH_USER_PATHS = NO;
				CLANG_CXX_LANGUAGE_STANDARD = "gnu++0x";
				CLANG_CXX_LIBRARY = "libc++";
				CLANG_ENABLE_MODULES = YES;
				CLANG_ENABLE_OBJC_ARC = YES;
				CLANG_WARN_BOOL_CONVERSION = YES;
				CLANG_WARN_CONSTANT_CONVERSION = YES;
				CLANG_WARN_DIRECT_OBJC_ISA_USAGE = YES_ERROR;
				CLANG_WARN_EMPTY_BODY = YES;
				CLANG_WARN_ENUM_CONVERSION = YES;
				CLANG_WARN_INT_CONVERSION = YES;
				CLANG_WARN_OBJC_ROOT_CLASS = YES_ERROR;
				CLANG_WARN_UNREACHABLE_CODE = YES;
				CLANG_WARN__DUPLICATE_METHOD_MATCH = YES;
				"CODE_SIGN_IDENTITY[sdk=iphoneos*]" = "iPhone Developer";
				COPY_PHASE_STRIP = NO;
				ENABLE_STRICT_OBJC_MSGSEND = YES;
				GCC_C_LANGUAGE_STANDARD = gnu99;
				GCC_DYNAMIC_NO_PIC = NO;
				GCC_OPTIMIZATION_LEVEL = 0;
				GCC_PREPROCESSOR_DEFINITIONS = (
					"DEBUG=1",
					"$(inherited)",
				);
				GCC_SYMBOLS_PRIVATE_EXTERN = NO;
				GCC_WARN_64_TO_32_BIT_CONVERSION = YES;
				GCC_WARN_ABOUT_RETURN_TYPE = YES_ERROR;
				GCC_WARN_UNDECLARED_SELECTOR = YES;
				GCC_WARN_UNINITIALIZED_AUTOS = YES_AGGRESSIVE;
				GCC_WARN_UNUSED_FUNCTION = YES;
				GCC_WARN_UNUSED_VARIABLE = YES;
				IPHONEOS_DEPLOYMENT_TARGET = 8.1;
				MTL_ENABLE_DEBUG_INFO = YES;
				ONLY_ACTIVE_ARCH = YES;
				SDKROOT = iphoneos;
			};
			name = Debug;
		};
		91E73EBE1A48B06C00EE9078 /* Release */ = {
			isa = XCBuildConfiguration;
			buildSettings = {
				ALWAYS_SEARCH_USER_PATHS = NO;
				CLANG_CXX_LANGUAGE_STANDARD = "gnu++0x";
				CLANG_CXX_LIBRARY = "libc++";
				CLANG_ENABLE_MODULES = YES;
				CLANG_ENABLE_OBJC_ARC = YES;
				CLANG_WARN_BOOL_CONVERSION = YES;
				CLANG_WARN_CONSTANT_CONVERSION = YES;
				CLANG_WARN_DIRECT_OBJC_ISA_USAGE = YES_ERROR;
				CLANG_WARN_EMPTY_BODY = YES;
				CLANG_WARN_ENUM_CONVERSION = YES;
				CLANG_WARN_INT_CONVERSION = YES;
				CLANG_WARN_OBJC_ROOT_CLASS = YES_ERROR;
				CLANG_WARN_UNREACHABLE_CODE = YES;
				CLANG_WARN__DUPLICATE_METHOD_MATCH = YES;
				"CODE_SIGN_IDENTITY[sdk=iphoneos*]" = "iPhone Developer";
				COPY_PHASE_STRIP = YES;
				ENABLE_NS_ASSERTIONS = NO;
				ENABLE_STRICT_OBJC_MSGSEND = YES;
				GCC_C_LANGUAGE_STANDARD = gnu99;
				GCC_WARN_64_TO_32_BIT_CONVERSION = YES;
				GCC_WARN_ABOUT_RETURN_TYPE = YES_ERROR;
				GCC_WARN_UNDECLARED_SELECTOR = YES;
				GCC_WARN_UNINITIALIZED_AUTOS = YES_AGGRESSIVE;
				GCC_WARN_UNUSED_FUNCTION = YES;
				GCC_WARN_UNUSED_VARIABLE = YES;
				IPHONEOS_DEPLOYMENT_TARGET = 8.1;
				MTL_ENABLE_DEBUG_INFO = NO;
				SDKROOT = iphoneos;
				VALIDATE_PRODUCT = YES;
			};
			name = Release;
		};
		91E73EC01A48B06C00EE9078 /* Debug */ = {
			isa = XCBuildConfiguration;
			buildSettings = {
				ASSETCATALOG_COMPILER_APPICON_NAME = AppIcon;
				INFOPLIST_FILE = ToDoList/Info.plist;
				LD_RUNPATH_SEARCH_PATHS = "$(inherited) @executable_path/Frameworks";
				PRODUCT_NAME = "$(TARGET_NAME)";
			};
			name = Debug;
		};
		91E73EC11A48B06C00EE9078 /* Release */ = {
			isa = XCBuildConfiguration;
			buildSettings = {
				ASSETCATALOG_COMPILER_APPICON_NAME = AppIcon;
				INFOPLIST_FILE = ToDoList/Info.plist;
				LD_RUNPATH_SEARCH_PATHS = "$(inherited) @executable_path/Frameworks";
				PRODUCT_NAME = "$(TARGET_NAME)";
			};
			name = Release;
		};
		91E73EC31A48B06C00EE9078 /* Debug */ = {
			isa = XCBuildConfiguration;
			buildSettings = {
				BUNDLE_LOADER = "$(TEST_HOST)";
				FRAMEWORK_SEARCH_PATHS = (
					"$(SDKROOT)/Developer/Library/Frameworks",
					"$(inherited)",
				);
				GCC_PREPROCESSOR_DEFINITIONS = (
					"DEBUG=1",
					"$(inherited)",
				);
				INFOPLIST_FILE = ToDoListTests/Info.plist;
				LD_RUNPATH_SEARCH_PATHS = "$(inherited) @executable_path/Frameworks @loader_path/Frameworks";
				PRODUCT_NAME = "$(TARGET_NAME)";
				TEST_HOST = "$(BUILT_PRODUCTS_DIR)/ToDoList.app/ToDoList";
			};
			name = Debug;
		};
		91E73EC41A48B06C00EE9078 /* Release */ = {
			isa = XCBuildConfiguration;
			buildSettings = {
				BUNDLE_LOADER = "$(TEST_HOST)";
				FRAMEWORK_SEARCH_PATHS = (
					"$(SDKROOT)/Developer/Library/Frameworks",
					"$(inherited)",
				);
				INFOPLIST_FILE = ToDoListTests/Info.plist;
				LD_RUNPATH_SEARCH_PATHS = "$(inherited) @executable_path/Frameworks @loader_path/Frameworks";
				PRODUCT_NAME = "$(TARGET_NAME)";
				TEST_HOST = "$(BUILT_PRODUCTS_DIR)/ToDoList.app/ToDoList";
			};
			name = Release;
		};
/* End XCBuildConfiguration section */

/* Begin XCConfigurationList section */
		91E73E971A48B06C00EE9078 /* Build configuration list for PBXProject "ToDoList" */ = {
			isa = XCConfigurationList;
			buildConfigurations = (
				91E73EBD1A48B06C00EE9078 /* Debug */,
				91E73EBE1A48B06C00EE9078 /* Release */,
			);
			defaultConfigurationIsVisible = 0;
			defaultConfigurationName = Release;
		};
		91E73EBF1A48B06C00EE9078 /* Build configuration list for PBXNativeTarget "ToDoList" */ = {
			isa = XCConfigurationList;
			buildConfigurations = (
				91E73EC01A48B06C00EE9078 /* Debug */,
				91E73EC11A48B06C00EE9078 /* Release */,
			);
			defaultConfigurationIsVisible = 0;
		};
		91E73EC21A48B06C00EE9078 /* Build configuration list for PBXNativeTarget "ToDoListTests" */ = {
			isa = XCConfigurationList;
			buildConfigurations = (
				91E73EC31A48B06C00EE9078 /* Debug */,
				91E73EC41A48B06C00EE9078 /* Release */,
			);
			defaultConfigurationIsVisible = 0;
		};
/* End XCConfigurationList section */
	};
	rootObject = 91E73E941A48B06C00EE9078 /* Project object */;
}
